
Microsoft Visual Studio Solution File, Format Version 12.00
# Visual Studio Version 17
VisualStudioVersion = 17.4.33213.308
MinimumVisualStudioVersion = 10.0.40219.1
Project("{FAE04EC0-301F-11D3-BF4B-00C04F79EFBC}") = "ArrayLibrary", "ArrayLibrary\ArrayLibrary.csproj", "{B2CD5950-B6AD-4FA1-AE29-FE77BBAED73D}"
EndProject
Global
	GlobalSection(SolutionConfigurationPlatforms) = preSolution
		Debug|Any CPU = Debug|Any CPU
		Release|Any CPU = Release|Any CPU
	EndGlobalSection
	GlobalSection(ProjectConfigurationPlatforms) = postSolution
		{B2CD5950-B6AD-4FA1-AE29-FE77BBAED73D}.Debug|Any CPU.ActiveCfg = Debug|Any CPU
		{B2CD5950-B6AD-4FA1-AE29-FE77BBAED73D}.Debug|Any CPU.Build.0 = Debug|Any CPU
		{B2CD5950-B6AD-4FA1-AE29-FE77BBAED73D}.Release|Any CPU.ActiveCfg = Release|Any CPU
		{B2CD5950-B6AD-4FA1-AE29-FE77BBAED73D}.Release|Any CPU.Build.0 = Release|Any CPU
	EndGlobalSection
	GlobalSection(SolutionProperties) = preSolution
		HideSolutionNode = FALSE
	EndGlobalSection
	GlobalSection(ExtensibilityGlobals) = postSolution
		SolutionGuid = {0FE9914F-7F85-4500-8CE4-AD2A42D3A859}
	EndGlobalSection
EndGlobal
